
Microsoft Visual Studio Solution File, Format Version 12.00
# Visual Studio Version 16
VisualStudioVersion = 16.0.31205.134
MinimumVisualStudioVersion = 10.0.40219.1
Project("{9A19103F-16F7-4668-BE54-9A1E7A4F7556}") = "Boilerplate.AuthServer", "Boilerplate.AuthServer.csproj", "{8C0D8996-6B7F-4D88-AA8B-7AD77DBF4AC3}"
EndProject
Project("{9A19103F-16F7-4668-BE54-9A1E7A4F7556}") = "Boilerplate.Shared.Models", "..\Boilerplate.Shared.Models\Boilerplate.Shared.Models.csproj", "{1CD4C986-E382-4327-A1FF-46D22856EC56}"
EndProject
Project("{9A19103F-16F7-4668-BE54-9A1E7A4F7556}") = "Boilerplate.Shared.Services", "..\Boilerplate.Shared.Services\Boilerplate.Shared.Services.csproj", "{CB92D79C-C0E7-410E-BF10-9ADFCD9AE121}"
EndProject
Project("{2150E333-8FDC-42A3-9474-1A3956D46DE8}") = "Shared", "Shared", "{124021F6-2AE8-4FA7-88E6-D294F60BDFDD}"
EndProject
Project("{2150E333-8FDC-42A3-9474-1A3956D46DE8}") = "AuthServer", "AuthServer", "{090EE63D-CE8B-47AA-AAB1-5BDF896CFC29}"
EndProject
Project("{2150E333-8FDC-42A3-9474-1A3956D46DE8}") = "Client", "Client", "{DFBE0245-E7A4-400F-88D8-D8CA747A56AD}"
EndProject
Project("{2150E333-8FDC-42A3-9474-1A3956D46DE8}") = "Server", "Server", "{E8C52FD6-731D-4427-BCE7-7652B433C858}"
EndProject
Project("{9A19103F-16F7-4668-BE54-9A1E7A4F7556}") = "Boilerplate.ClientUI", "..\Boilerplate.ClientUI\Boilerplate.ClientUI.csproj", "{61467F07-E85A-4F77-A67B-CD97118A2BAA}"
EndProject
Project("{9A19103F-16F7-4668-BE54-9A1E7A4F7556}") = "Boilerplate.AdminUI", "..\Boilerplate.AdminUI\Boilerplate.AdminUI.csproj", "{83B465F6-184D-4C6B-8197-2649A5F431D7}"
EndProject
Project("{9A19103F-16F7-4668-BE54-9A1E7A4F7556}") = "Boilerplate.API", "..\Boilerplate.API\Boilerplate.API.csproj", "{44E4E2AB-B396-4BBA-8BEC-C65DAAAF7E64}"
EndProject
Global
	GlobalSection(SolutionConfigurationPlatforms) = preSolution
		Debug|Any CPU = Debug|Any CPU
		Release|Any CPU = Release|Any CPU
	EndGlobalSection
	GlobalSection(ProjectConfigurationPlatforms) = postSolution
		{8C0D8996-6B7F-4D88-AA8B-7AD77DBF4AC3}.Debug|Any CPU.ActiveCfg = Debug|Any CPU
		{8C0D8996-6B7F-4D88-AA8B-7AD77DBF4AC3}.Debug|Any CPU.Build.0 = Debug|Any CPU
		{8C0D8996-6B7F-4D88-AA8B-7AD77DBF4AC3}.Release|Any CPU.ActiveCfg = Release|Any CPU
		{8C0D8996-6B7F-4D88-AA8B-7AD77DBF4AC3}.Release|Any CPU.Build.0 = Release|Any CPU
		{1CD4C986-E382-4327-A1FF-46D22856EC56}.Debug|Any CPU.ActiveCfg = Debug|Any CPU
		{1CD4C986-E382-4327-A1FF-46D22856EC56}.Debug|Any CPU.Build.0 = Debug|Any CPU
		{1CD4C986-E382-4327-A1FF-46D22856EC56}.Release|Any CPU.ActiveCfg = Release|Any CPU
		{1CD4C986-E382-4327-A1FF-46D22856EC56}.Release|Any CPU.Build.0 = Release|Any CPU
		{CB92D79C-C0E7-410E-BF10-9ADFCD9AE121}.Debug|Any CPU.ActiveCfg = Debug|Any CPU
		{CB92D79C-C0E7-410E-BF10-9ADFCD9AE121}.Debug|Any CPU.Build.0 = Debug|Any CPU
		{CB92D79C-C0E7-410E-BF10-9ADFCD9AE121}.Release|Any CPU.ActiveCfg = Release|Any CPU
		{CB92D79C-C0E7-410E-BF10-9ADFCD9AE121}.Release|Any CPU.Build.0 = Release|Any CPU
		{61467F07-E85A-4F77-A67B-CD97118A2BAA}.Debug|Any CPU.ActiveCfg = Debug|Any CPU
		{61467F07-E85A-4F77-A67B-CD97118A2BAA}.Debug|Any CPU.Build.0 = Debug|Any CPU
		{61467F07-E85A-4F77-A67B-CD97118A2BAA}.Release|Any CPU.ActiveCfg = Release|Any CPU
		{61467F07-E85A-4F77-A67B-CD97118A2BAA}.Release|Any CPU.Build.0 = Release|Any CPU
		{83B465F6-184D-4C6B-8197-2649A5F431D7}.Debug|Any CPU.ActiveCfg = Debug|Any CPU
		{83B465F6-184D-4C6B-8197-2649A5F431D7}.Debug|Any CPU.Build.0 = Debug|Any CPU
		{83B465F6-184D-4C6B-8197-2649A5F431D7}.Release|Any CPU.ActiveCfg = Release|Any CPU
		{83B465F6-184D-4C6B-8197-2649A5F431D7}.Release|Any CPU.Build.0 = Release|Any CPU
		{44E4E2AB-B396-4BBA-8BEC-C65DAAAF7E64}.Debug|Any CPU.ActiveCfg = Debug|Any CPU
		{44E4E2AB-B396-4BBA-8BEC-C65DAAAF7E64}.Debug|Any CPU.Build.0 = Debug|Any CPU
		{44E4E2AB-B396-4BBA-8BEC-C65DAAAF7E64}.Release|Any CPU.ActiveCfg = Release|Any CPU
		{44E4E2AB-B396-4BBA-8BEC-C65DAAAF7E64}.Release|Any CPU.Build.0 = Release|Any CPU
	EndGlobalSection
	GlobalSection(SolutionProperties) = preSolution
		HideSolutionNode = FALSE
	EndGlobalSection
	GlobalSection(NestedProjects) = preSolution
		{8C0D8996-6B7F-4D88-AA8B-7AD77DBF4AC3} = {090EE63D-CE8B-47AA-AAB1-5BDF896CFC29}
		{1CD4C986-E382-4327-A1FF-46D22856EC56} = {124021F6-2AE8-4FA7-88E6-D294F60BDFDD}
		{CB92D79C-C0E7-410E-BF10-9ADFCD9AE121} = {124021F6-2AE8-4FA7-88E6-D294F60BDFDD}
		{61467F07-E85A-4F77-A67B-CD97118A2BAA} = {DFBE0245-E7A4-400F-88D8-D8CA747A56AD}
		{83B465F6-184D-4C6B-8197-2649A5F431D7} = {DFBE0245-E7A4-400F-88D8-D8CA747A56AD}
		{44E4E2AB-B396-4BBA-8BEC-C65DAAAF7E64} = {E8C52FD6-731D-4427-BCE7-7652B433C858}
	EndGlobalSection
	GlobalSection(ExtensibilityGlobals) = postSolution
		SolutionGuid = {6A32B832-E1D4-4173-B06B-30878377835A}
	EndGlobalSection
EndGlobal
