
Microsoft Visual Studio Solution File, Format Version 12.00
# Visual Studio Version 16
VisualStudioVersion = 16.0.31205.134
MinimumVisualStudioVersion = 10.0.40219.1
Project("{FAE04EC0-301F-11D3-BF4B-00C04F79EFBC}") = "Boilerplate.AuthServer", "Boilerplate.AuthServer.csproj", "{8C0D8996-6B7F-4D88-AA8B-7AD77DBF4AC3}"
EndProject
Global
	GlobalSection(SolutionConfigurationPlatforms) = preSolution
		Debug|Any CPU = Debug|Any CPU
		Release|Any CPU = Release|Any CPU
	EndGlobalSection
	GlobalSection(ProjectConfigurationPlatforms) = postSolution
		{8C0D8996-6B7F-4D88-AA8B-7AD77DBF4AC3}.Debug|Any CPU.ActiveCfg = Debug|Any CPU
		{8C0D8996-6B7F-4D88-AA8B-7AD77DBF4AC3}.Debug|Any CPU.Build.0 = Debug|Any CPU
		{8C0D8996-6B7F-4D88-AA8B-7AD77DBF4AC3}.Release|Any CPU.ActiveCfg = Release|Any CPU
		{8C0D8996-6B7F-4D88-AA8B-7AD77DBF4AC3}.Release|Any CPU.Build.0 = Release|Any CPU
	EndGlobalSection
	GlobalSection(SolutionProperties) = preSolution
		HideSolutionNode = FALSE
	EndGlobalSection
	GlobalSection(ExtensibilityGlobals) = postSolution
		SolutionGuid = {6A32B832-E1D4-4173-B06B-30878377835A}
	EndGlobalSection
EndGlobal
